
Microsoft Visual Studio Solution File, Format Version 10.00
# Visual Studio 2008
Project("{FAE04EC0-301F-11D3-BF4B-00C04F79EFBC}") = "Update", "Update\Update.csproj", "{143618F6-6711-41FB-B518-E0E6A487DCB7}"
EndProject
Project("{FAE04EC0-301F-11D3-BF4B-00C04F79EFBC}") = "AppInfoCreator", "AppInfoCreator\AppInfoCreator.csproj", "{BCFD5F94-E44C-4B4B-B28E-110226C4C723}"
EndProject
Global
	GlobalSection(SolutionConfigurationPlatforms) = preSolution
		Debug|Any CPU = Debug|Any CPU
		Release|Any CPU = Release|Any CPU
	EndGlobalSection
	GlobalSection(ProjectConfigurationPlatforms) = postSolution
		{143618F6-6711-41FB-B518-E0E6A487DCB7}.Debug|Any CPU.ActiveCfg = Debug|Any CPU
		{143618F6-6711-41FB-B518-E0E6A487DCB7}.Debug|Any CPU.Build.0 = Debug|Any CPU
		{143618F6-6711-41FB-B518-E0E6A487DCB7}.Release|Any CPU.ActiveCfg = Release|Any CPU
		{143618F6-6711-41FB-B518-E0E6A487DCB7}.Release|Any CPU.Build.0 = Release|Any CPU
		{BCFD5F94-E44C-4B4B-B28E-110226C4C723}.Debug|Any CPU.ActiveCfg = Debug|Any CPU
		{BCFD5F94-E44C-4B4B-B28E-110226C4C723}.Debug|Any CPU.Build.0 = Debug|Any CPU
		{BCFD5F94-E44C-4B4B-B28E-110226C4C723}.Release|Any CPU.ActiveCfg = Release|Any CPU
		{BCFD5F94-E44C-4B4B-B28E-110226C4C723}.Release|Any CPU.Build.0 = Release|Any CPU
	EndGlobalSection
	GlobalSection(SolutionProperties) = preSolution
		HideSolutionNode = FALSE
	EndGlobalSection
EndGlobal
